{
  "version": "5",
  "redirects": {
    "https://esm.sh/@supabase/supabase-js@2": "https://esm.sh/@supabase/supabase-js@2.112.2"
  },
  "remote": {
    "https://esm.sh/@supabase/supabase-js@2.112.2": "ea8a8dc3bcfe3cd929a9f6f83a5c266ad3f9d8101c34f71d465dd73f7ff1b796"
  },
  "workspace": {
    "packageJson": {
      "dependencies": [
        "npm:@garage/shared@*",
        "npm:@reduxjs/toolkit@^2.12.0",
        "npm:@sentry/react@^10.67.0",
        "npm:@supabase/supabase-js@^2.110.3",
        "npm:@testing-library/dom@^10.4.1",
        "npm:@testing-library/react@^16.3.2",
        "npm:@types/react-dom@^18.3.0",
        "npm:@types/react@^18.3.3",
        "npm:@vitejs/plugin-react@^4.3.1",
        "npm:i18next@^26.3.6",
        "npm:jsdom@^29.1.1",
        "npm:react-dom@^18.3.1",
        "npm:react-i18next@^17.0.11",
        "npm:react-redux@^9.3.0",
        "npm:react-router-dom@^7.18.2",
        "npm:react@^18.3.1",
        "npm:supabase@^2.109.1",
        "npm:typescript@^5.5.4",
        "npm:vite@^5.4.1",
        "npm:vitest@^4.1.10"
      ]
    }
  }
}
